// !$*UTF8*$!
{
	archiveVersion = 1;
	classes = {
	};
	objectVersion = 46;
	objects = {

/* Begin PBXBuildFile section */
		1E3855F9130A06AD643A4E57 /* Pods_CombinedSpriteKitSceneKit.framework in Frameworks */ = {isa = PBXBuildFile; fileRef = F73A19B7BDF6E187101969EC /* Pods_CombinedSpriteKitSceneKit.framework */; };
		4565606D27AD66520053C1F3 /* DataSource.swift in Sources */ = {isa = PBXBuildFile; fileRef = 4565606C27AD66520053C1F3 /* DataSource.swift */; };
		4565606F27AD6D220053C1F3 /* DataProtocol.swift in Sources */ = {isa = PBXBuildFile; fileRef = 4565606E27AD6D220053C1F3 /* DataProtocol.swift */; };
		4565607127AD6EB50053C1F3 /* UserFactory.swift in Sources */ = {isa = PBXBuildFile; fileRef = 4565607027AD6EB50053C1F3 /* UserFactory.swift */; };
		4566685127AB9230003DE047 /* AppDelegate.swift in Sources */ = {isa = PBXBuildFile; fileRef = 4566685027AB9230003DE047 /* AppDelegate.swift */; };
		4566685927ABCB1D003DE047 /* goblins-ess.json in Resources */ = {isa = PBXBuildFile; fileRef = 4566685527ABCB1D003DE047 /* goblins-ess.json */; };
		4566685A27ABCB1D003DE047 /* shuxiaohu.json in Resources */ = {isa = PBXBuildFile; fileRef = 4566685727ABCB1D003DE047 /* shuxiaohu.json */; };
		45B96F3E27B0F6720084BD12 /* MessageFactory.swift in Sources */ = {isa = PBXBuildFile; fileRef = 45B96F3D27B0F6720084BD12 /* MessageFactory.swift */; };
		602C901C1B0DD5B5001EE880 /* ViewController.swift in Sources */ = {isa = PBXBuildFile; fileRef = 602C901B1B0DD5B5001EE880 /* ViewController.swift */; };
		602C90211B0DD5B5001EE880 /* Images.xcassets in Resources */ = {isa = PBXBuildFile; fileRef = 602C90201B0DD5B5001EE880 /* Images.xcassets */; };
		602C90241B0DD5B5001EE880 /* LaunchScreen.xib in Resources */ = {isa = PBXBuildFile; fileRef = 602C90221B0DD5B5001EE880 /* LaunchScreen.xib */; };
		602C903A1B0DD5F3001EE880 /* MainScene.swift in Sources */ = {isa = PBXBuildFile; fileRef = 602C90391B0DD5F3001EE880 /* MainScene.swift */; };
		602C90401B0DD838001EE880 /* OverlayScene.swift in Sources */ = {isa = PBXBuildFile; fileRef = 602C903F1B0DD838001EE880 /* OverlayScene.swift */; };
/* End PBXBuildFile section */

/* Begin PBXFileReference section */
		4565606C27AD66520053C1F3 /* DataSource.swift */ = {isa = PBXFileReference; lastKnownFileType = sourcecode.swift; path = DataSource.swift; sourceTree = "<group>"; };
		4565606E27AD6D220053C1F3 /* DataProtocol.swift */ = {isa = PBXFileReference; lastKnownFileType = sourcecode.swift; path = DataProtocol.swift; sourceTree = "<group>"; };
		4565607027AD6EB50053C1F3 /* UserFactory.swift */ = {isa = PBXFileReference; lastKnownFileType = sourcecode.swift; path = UserFactory.swift; sourceTree = "<group>"; };
		4566684F27AB85C9003DE047 /* CombinedSpriteKitSceneKit.entitlements */ = {isa = PBXFileReference; lastKnownFileType = text.plist.entitlements; path = CombinedSpriteKitSceneKit.entitlements; sourceTree = "<group>"; };
		4566685027AB9230003DE047 /* AppDelegate.swift */ = {isa = PBXFileReference; fileEncoding = 4; lastKnownFileType = sourcecode.swift; path = AppDelegate.swift; sourceTree = "<group>"; };
		4566685527ABCB1D003DE047 /* goblins-ess.json */ = {isa = PBXFileReference; fileEncoding = 4; lastKnownFileType = text.json; path = "goblins-ess.json"; sourceTree = "<group>"; };
		4566685727ABCB1D003DE047 /* shuxiaohu.json */ = {isa = PBXFileReference; fileEncoding = 4; lastKnownFileType = text.json; path = shuxiaohu.json; sourceTree = "<group>"; };
		45B96F3D27B0F6720084BD12 /* MessageFactory.swift */ = {isa = PBXFileReference; lastKnownFileType = sourcecode.swift; path = MessageFactory.swift; sourceTree = "<group>"; };
		602C90141B0DD5B5001EE880 /* CombinedSpriteKitSceneKit.app */ = {isa = PBXFileReference; explicitFileType = wrapper.application; includeInIndex = 0; path = CombinedSpriteKitSceneKit.app; sourceTree = BUILT_PRODUCTS_DIR; };
		602C90181B0DD5B5001EE880 /* Info.plist */ = {isa = PBXFileReference; lastKnownFileType = text.plist.xml; path = Info.plist; sourceTree = "<group>"; };
		602C901B1B0DD5B5001EE880 /* ViewController.swift */ = {isa = PBXFileReference; lastKnownFileType = sourcecode.swift; path = ViewController.swift; sourceTree = "<group>"; };
		602C90201B0DD5B5001EE880 /* Images.xcassets */ = {isa = PBXFileReference; lastKnownFileType = folder.assetcatalog; path = Images.xcassets; sourceTree = "<group>"; };
		602C90231B0DD5B5001EE880 /* Base */ = {isa = PBXFileReference; lastKnownFileType = file.xib; name = Base; path = Base.lproj/LaunchScreen.xib; sourceTree = "<group>"; };
		602C90391B0DD5F3001EE880 /* MainScene.swift */ = {isa = PBXFileReference; fileEncoding = 4; lastKnownFileType = sourcecode.swift; path = MainScene.swift; sourceTree = "<group>"; };
		602C903F1B0DD838001EE880 /* OverlayScene.swift */ = {isa = PBXFileReference; fileEncoding = 4; lastKnownFileType = sourcecode.swift; path = OverlayScene.swift; sourceTree = "<group>"; };
		DC06FC299DF686FAB7BCFA07 /* Pods-CombinedSpriteKitSceneKit.debug.xcconfig */ = {isa = PBXFileReference; includeInIndex = 1; lastKnownFileType = text.xcconfig; name = "Pods-CombinedSpriteKitSceneKit.debug.xcconfig"; path = "Target Support Files/Pods-CombinedSpriteKitSceneKit/Pods-CombinedSpriteKitSceneKit.debug.xcconfig"; sourceTree = "<group>"; };
		EED2B2AFCBB7D44B7D4162E2 /* Pods-CombinedSpriteKitSceneKit.release.xcconfig */ = {isa = PBXFileReference; includeInIndex = 1; lastKnownFileType = text.xcconfig; name = "Pods-CombinedSpriteKitSceneKit.release.xcconfig"; path = "Target Support Files/Pods-CombinedSpriteKitSceneKit/Pods-CombinedSpriteKitSceneKit.release.xcconfig"; sourceTree = "<group>"; };
		F73A19B7BDF6E187101969EC /* Pods_CombinedSpriteKitSceneKit.framework */ = {isa = PBXFileReference; explicitFileType = wrapper.framework; includeInIndex = 0; path = Pods_CombinedSpriteKitSceneKit.framework; sourceTree = BUILT_PRODUCTS_DIR; };
/* End PBXFileReference section */

/* Begin PBXFrameworksBuildPhase section */
		602C90111B0DD5B5001EE880 /* Frameworks */ = {
			isa = PBXFrameworksBuildPhase;
			buildActionMask = 2147483647;
			files = (
				1E3855F9130A06AD643A4E57 /* Pods_CombinedSpriteKitSceneKit.framework in Frameworks */,
			);
			runOnlyForDeploymentPostprocessing = 0;
		};
/* End PBXFrameworksBuildPhase section */

/* Begin PBXGroup section */
		3E82991AB60B4686B83F8B3B /* Frameworks */ = {
			isa = PBXGroup;
			children = (
				F73A19B7BDF6E187101969EC /* Pods_CombinedSpriteKitSceneKit.framework */,
			);
			name = Frameworks;
			sourceTree = "<group>";
		};
		4566685227ABCB1D003DE047 /* Resources */ = {
			isa = PBXGroup;
			children = (
				602C90201B0DD5B5001EE880 /* Images.xcassets */,
				4566685327ABCB1D003DE047 /* Spine */,
			);
			path = Resources;
			sourceTree = "<group>";
		};
		4566685327ABCB1D003DE047 /* Spine */ = {
			isa = PBXGroup;
			children = (
				4566685427ABCB1D003DE047 /* Goblin */,
				4566685627ABCB1D003DE047 /* Shuxiaohu */,
			);
			path = Spine;
			sourceTree = "<group>";
		};
		4566685427ABCB1D003DE047 /* Goblin */ = {
			isa = PBXGroup;
			children = (
				4566685527ABCB1D003DE047 /* goblins-ess.json */,
			);
			path = Goblin;
			sourceTree = "<group>";
		};
		4566685627ABCB1D003DE047 /* Shuxiaohu */ = {
			isa = PBXGroup;
			children = (
				4566685727ABCB1D003DE047 /* shuxiaohu.json */,
			);
			path = Shuxiaohu;
			sourceTree = "<group>";
		};
		4566685C27ABCB49003DE047 /* Source */ = {
			isa = PBXGroup;
			children = (
				45B96F3F27B0F6A00084BD12 /* Scene */,
				45B96F3C27B0F6500084BD12 /* Data */,
				4566685027AB9230003DE047 /* AppDelegate.swift */,
				602C901B1B0DD5B5001EE880 /* ViewController.swift */,
			);
			path = Source;
			sourceTree = "<group>";
		};
		45B96F3C27B0F6500084BD12 /* Data */ = {
			isa = PBXGroup;
			children = (
				4565607027AD6EB50053C1F3 /* UserFactory.swift */,
				4565606C27AD66520053C1F3 /* DataSource.swift */,
				4565606E27AD6D220053C1F3 /* DataProtocol.swift */,
				45B96F3D27B0F6720084BD12 /* MessageFactory.swift */,
			);
			path = Data;
			sourceTree = "<group>";
		};
		45B96F3F27B0F6A00084BD12 /* Scene */ = {
			isa = PBXGroup;
			children = (
				602C90391B0DD5F3001EE880 /* MainScene.swift */,
				602C903F1B0DD838001EE880 /* OverlayScene.swift */,
			);
			path = Scene;
			sourceTree = "<group>";
		};
		602C900B1B0DD5B5001EE880 = {
			isa = PBXGroup;
			children = (
				602C90161B0DD5B5001EE880 /* CombinedSpriteKitSceneKit */,
				602C90151B0DD5B5001EE880 /* Products */,
				E3B21D7CF30D5D1644526A5E /* Pods */,
				3E82991AB60B4686B83F8B3B /* Frameworks */,
			);
			sourceTree = "<group>";
		};
		602C90151B0DD5B5001EE880 /* Products */ = {
			isa = PBXGroup;
			children = (
				602C90141B0DD5B5001EE880 /* CombinedSpriteKitSceneKit.app */,
			);
			name = Products;
			sourceTree = "<group>";
		};
		602C90161B0DD5B5001EE880 /* CombinedSpriteKitSceneKit */ = {
			isa = PBXGroup;
			children = (
				4566685C27ABCB49003DE047 /* Source */,
				4566685227ABCB1D003DE047 /* Resources */,
				602C90171B0DD5B5001EE880 /* Supporting Files */,
			);
			path = CombinedSpriteKitSceneKit;
			sourceTree = "<group>";
		};
		602C90171B0DD5B5001EE880 /* Supporting Files */ = {
			isa = PBXGroup;
			children = (
				4566684F27AB85C9003DE047 /* CombinedSpriteKitSceneKit.entitlements */,
				602C90221B0DD5B5001EE880 /* LaunchScreen.xib */,
				602C90181B0DD5B5001EE880 /* Info.plist */,
			);
			name = "Supporting Files";
			sourceTree = "<group>";
		};
		E3B21D7CF30D5D1644526A5E /* Pods */ = {
			isa = PBXGroup;
			children = (
				DC06FC299DF686FAB7BCFA07 /* Pods-CombinedSpriteKitSceneKit.debug.xcconfig */,
				EED2B2AFCBB7D44B7D4162E2 /* Pods-CombinedSpriteKitSceneKit.release.xcconfig */,
			);
			path = Pods;
			sourceTree = "<group>";
		};
/* End PBXGroup section */

/* Begin PBXNativeTarget section */
		602C90131B0DD5B5001EE880 /* CombinedSpriteKitSceneKit */ = {
			isa = PBXNativeTarget;
			buildConfigurationList = 602C90331B0DD5B5001EE880 /* Build configuration list for PBXNativeTarget "CombinedSpriteKitSceneKit" */;
			buildPhases = (
				631C267A5513EEB29212786E /* [CP] Check Pods Manifest.lock */,
				602C90101B0DD5B5001EE880 /* Sources */,
				602C90111B0DD5B5001EE880 /* Frameworks */,
				602C90121B0DD5B5001EE880 /* Resources */,
				4F487D5D26C9CB517A1E2E87 /* [CP] Embed Pods Frameworks */,
			);
			buildRules = (
			);
			dependencies = (
			);
			name = CombinedSpriteKitSceneKit;
			productName = CombinedSpriteKitSceneKit;
			productReference = 602C90141B0DD5B5001EE880 /* CombinedSpriteKitSceneKit.app */;
			productType = "com.apple.product-type.application";
		};
/* End PBXNativeTarget section */

/* Begin PBXProject section */
		602C900C1B0DD5B5001EE880 /* Project object */ = {
			isa = PBXProject;
			attributes = {
				LastUpgradeCheck = 0630;
				ORGANIZATIONNAME = tutsplus;
				TargetAttributes = {
					602C90131B0DD5B5001EE880 = {
						CreatedOnToolsVersion = 6.3.1;
						DevelopmentTeam = R8SXHLJ4HE;
					};
				};
			};
			buildConfigurationList = 602C900F1B0DD5B5001EE880 /* Build configuration list for PBXProject "CombinedSpriteKitSceneKit" */;
			compatibilityVersion = "Xcode 3.2";
			developmentRegion = English;
			hasScannedForEncodings = 0;
			knownRegions = (
				English,
				en,
				Base,
			);
			mainGroup = 602C900B1B0DD5B5001EE880;
			productRefGroup = 602C90151B0DD5B5001EE880 /* Products */;
			projectDirPath = "";
			projectRoot = "";
			targets = (
				602C90131B0DD5B5001EE880 /* CombinedSpriteKitSceneKit */,
			);
		};
/* End PBXProject section */

/* Begin PBXResourcesBuildPhase section */
		602C90121B0DD5B5001EE880 /* Resources */ = {
			isa = PBXResourcesBuildPhase;
			buildActionMask = 2147483647;
			files = (
				4566685A27ABCB1D003DE047 /* shuxiaohu.json in Resources */,
				602C90241B0DD5B5001EE880 /* LaunchScreen.xib in Resources */,
				4566685927ABCB1D003DE047 /* goblins-ess.json in Resources */,
				602C90211B0DD5B5001EE880 /* Images.xcassets in Resources */,
			);
			runOnlyForDeploymentPostprocessing = 0;
		};
/* End PBXResourcesBuildPhase section */

/* Begin PBXShellScriptBuildPhase section */
		4F487D5D26C9CB517A1E2E87 /* [CP] Embed Pods Frameworks */ = {
			isa = PBXShellScriptBuildPhase;
			buildActionMask = 2147483647;
			files = (
			);
			inputPaths = (
				"${PODS_ROOT}/Target Support Files/Pods-CombinedSpriteKitSceneKit/Pods-CombinedSpriteKitSceneKit-frameworks.sh",
				"${BUILT_PRODUCTS_DIR}/Spine/Spine.framework",
			);
			name = "[CP] Embed Pods Frameworks";
			outputPaths = (
				"${TARGET_BUILD_DIR}/${FRAMEWORKS_FOLDER_PATH}/Spine.framework",
			);
			runOnlyForDeploymentPostprocessing = 0;
			shellPath = /bin/sh;
			shellScript = "\"${PODS_ROOT}/Target Support Files/Pods-CombinedSpriteKitSceneKit/Pods-CombinedSpriteKitSceneKit-frameworks.sh\"\n";
			showEnvVarsInLog = 0;
		};
		631C267A5513EEB29212786E /* [CP] Check Pods Manifest.lock */ = {
			isa = PBXShellScriptBuildPhase;
			buildActionMask = 2147483647;
			files = (
			);
			inputFileListPaths = (
			);
			inputPaths = (
				"${PODS_PODFILE_DIR_PATH}/Podfile.lock",
				"${PODS_ROOT}/Manifest.lock",
			);
			name = "[CP] Check Pods Manifest.lock";
			outputFileListPaths = (
			);
			outputPaths = (
				"$(DERIVED_FILE_DIR)/Pods-CombinedSpriteKitSceneKit-checkManifestLockResult.txt",
			);
			runOnlyForDeploymentPostprocessing = 0;
			shellPath = /bin/sh;
			shellScript = "diff \"${PODS_PODFILE_DIR_PATH}/Podfile.lock\" \"${PODS_ROOT}/Manifest.lock\" > /dev/null\nif [ $? != 0 ] ; then\n    # print error to STDERR\n    echo \"error: The sandbox is not in sync with the Podfile.lock. Run 'pod install' or update your CocoaPods installation.\" >&2\n    exit 1\nfi\n# This output is used by Xcode 'outputs' to avoid re-running this script phase.\necho \"SUCCESS\" > \"${SCRIPT_OUTPUT_FILE_0}\"\n";
			showEnvVarsInLog = 0;
		};
/* End PBXShellScriptBuildPhase section */

/* Begin PBXSourcesBuildPhase section */
		602C90101B0DD5B5001EE880 /* Sources */ = {
			isa = PBXSourcesBuildPhase;
			buildActionMask = 2147483647;
			files = (
				4566685127AB9230003DE047 /* AppDelegate.swift in Sources */,
				4565606F27AD6D220053C1F3 /* DataProtocol.swift in Sources */,
				602C903A1B0DD5F3001EE880 /* MainScene.swift in Sources */,
				602C901C1B0DD5B5001EE880 /* ViewController.swift in Sources */,
				45B96F3E27B0F6720084BD12 /* MessageFactory.swift in Sources */,
				4565606D27AD66520053C1F3 /* DataSource.swift in Sources */,
				602C90401B0DD838001EE880 /* OverlayScene.swift in Sources */,
				4565607127AD6EB50053C1F3 /* UserFactory.swift in Sources */,
			);
			runOnlyForDeploymentPostprocessing = 0;
		};
/* End PBXSourcesBuildPhase section */

/* Begin PBXVariantGroup section */
		602C90221B0DD5B5001EE880 /* LaunchScreen.xib */ = {
			isa = PBXVariantGroup;
			children = (
				602C90231B0DD5B5001EE880 /* Base */,
			);
			name = LaunchScreen.xib;
			sourceTree = "<group>";
		};
/* End PBXVariantGroup section */

/* Begin XCBuildConfiguration section */
		602C90311B0DD5B5001EE880 /* Debug */ = {
			isa = XCBuildConfiguration;
			buildSettings = {
				ALWAYS_SEARCH_USER_PATHS = NO;
				CLANG_CXX_LANGUAGE_STANDARD = "gnu++0x";
				CLANG_CXX_LIBRARY = "libc++";
				CLANG_ENABLE_MODULES = YES;
				CLANG_ENABLE_OBJC_ARC = YES;
				CLANG_WARN_BOOL_CONVERSION = YES;
				CLANG_WARN_CONSTANT_CONVERSION = YES;
				CLANG_WARN_DIRECT_OBJC_ISA_USAGE = YES_ERROR;
				CLANG_WARN_EMPTY_BODY = YES;
				CLANG_WARN_ENUM_CONVERSION = YES;
				CLANG_WARN_INT_CONVERSION = YES;
				CLANG_WARN_OBJC_ROOT_CLASS = YES_ERROR;
				CLANG_WARN_UNREACHABLE_CODE = YES;
				CLANG_WARN__DUPLICATE_METHOD_MATCH = YES;
				"CODE_SIGN_IDENTITY[sdk=iphoneos*]" = "iPhone Developer";
				COPY_PHASE_STRIP = NO;
				DEBUG_INFORMATION_FORMAT = "dwarf-with-dsym";
				ENABLE_STRICT_OBJC_MSGSEND = YES;
				GCC_C_LANGUAGE_STANDARD = gnu99;
				GCC_DYNAMIC_NO_PIC = NO;
				GCC_NO_COMMON_BLOCKS = YES;
				GCC_OPTIMIZATION_LEVEL = 0;
				GCC_PREPROCESSOR_DEFINITIONS = (
					"DEBUG=1",
					"$(inherited)",
				);
				GCC_SYMBOLS_PRIVATE_EXTERN = NO;
				GCC_WARN_64_TO_32_BIT_CONVERSION = YES;
				GCC_WARN_ABOUT_RETURN_TYPE = YES_ERROR;
				GCC_WARN_UNDECLARED_SELECTOR = YES;
				GCC_WARN_UNINITIALIZED_AUTOS = YES_AGGRESSIVE;
				GCC_WARN_UNUSED_FUNCTION = YES;
				GCC_WARN_UNUSED_VARIABLE = YES;
				IPHONEOS_DEPLOYMENT_TARGET = 11.0;
				MTL_ENABLE_DEBUG_INFO = YES;
				ONLY_ACTIVE_ARCH = YES;
				SDKROOT = iphoneos;
				SWIFT_OPTIMIZATION_LEVEL = "-Onone";
				SWIFT_VERSION = 5.0;
			};
			name = Debug;
		};
		602C90321B0DD5B5001EE880 /* Release */ = {
			isa = XCBuildConfiguration;
			buildSettings = {
				ALWAYS_SEARCH_USER_PATHS = NO;
				CLANG_CXX_LANGUAGE_STANDARD = "gnu++0x";
				CLANG_CXX_LIBRARY = "libc++";
				CLANG_ENABLE_MODULES = YES;
				CLANG_ENABLE_OBJC_ARC = YES;
				CLANG_WARN_BOOL_CONVERSION = YES;
				CLANG_WARN_CONSTANT_CONVERSION = YES;
				CLANG_WARN_DIRECT_OBJC_ISA_USAGE = YES_ERROR;
				CLANG_WARN_EMPTY_BODY = YES;
				CLANG_WARN_ENUM_CONVERSION = YES;
				CLANG_WARN_INT_CONVERSION = YES;
				CLANG_WARN_OBJC_ROOT_CLASS = YES_ERROR;
				CLANG_WARN_UNREACHABLE_CODE = YES;
				CLANG_WARN__DUPLICATE_METHOD_MATCH = YES;
				"CODE_SIGN_IDENTITY[sdk=iphoneos*]" = "iPhone Developer";
				COPY_PHASE_STRIP = NO;
				DEBUG_INFORMATION_FORMAT = "dwarf-with-dsym";
				ENABLE_NS_ASSERTIONS = NO;
				ENABLE_STRICT_OBJC_MSGSEND = YES;
				GCC_C_LANGUAGE_STANDARD = gnu99;
				GCC_NO_COMMON_BLOCKS = YES;
				GCC_WARN_64_TO_32_BIT_CONVERSION = YES;
				GCC_WARN_ABOUT_RETURN_TYPE = YES_ERROR;
				GCC_WARN_UNDECLARED_SELECTOR = YES;
				GCC_WARN_UNINITIALIZED_AUTOS = YES_AGGRESSIVE;
				GCC_WARN_UNUSED_FUNCTION = YES;
				GCC_WARN_UNUSED_VARIABLE = YES;
				IPHONEOS_DEPLOYMENT_TARGET = 11.0;
				MTL_ENABLE_DEBUG_INFO = NO;
				SDKROOT = iphoneos;
				SWIFT_VERSION = 5.0;
				VALIDATE_PRODUCT = YES;
			};
			name = Release;
		};
		602C90341B0DD5B5001EE880 /* Debug */ = {
			isa = XCBuildConfiguration;
			baseConfigurationReference = DC06FC299DF686FAB7BCFA07 /* Pods-CombinedSpriteKitSceneKit.debug.xcconfig */;
			buildSettings = {
				ASSETCATALOG_COMPILER_APPICON_NAME = AppIcon;
				CODE_SIGN_ENTITLEMENTS = CombinedSpriteKitSceneKit/CombinedSpriteKitSceneKit.entitlements;
				"CODE_SIGN_IDENTITY[sdk=macosx*]" = "Apple Development";
				CURRENT_PROJECT_VERSION = 1;
				DEVELOPMENT_TEAM = R8SXHLJ4HE;
				INFOPLIST_FILE = CombinedSpriteKitSceneKit/Info.plist;
				LD_RUNPATH_SEARCH_PATHS = "$(inherited) @executable_path/Frameworks";
				PRODUCT_BUNDLE_IDENTIFIER = com.xingin.dancefloor;
				PRODUCT_NAME = "$(TARGET_NAME)";
				SUPPORTS_MACCATALYST = YES;
				SWIFT_VERSION = 5.0;
				TARGETED_DEVICE_FAMILY = 2;
			};
			name = Debug;
		};
		602C90351B0DD5B5001EE880 /* Release */ = {
			isa = XCBuildConfiguration;
			baseConfigurationReference = EED2B2AFCBB7D44B7D4162E2 /* Pods-CombinedSpriteKitSceneKit.release.xcconfig */;
			buildSettings = {
				ASSETCATALOG_COMPILER_APPICON_NAME = AppIcon;
				CODE_SIGN_ENTITLEMENTS = CombinedSpriteKitSceneKit/CombinedSpriteKitSceneKit.entitlements;
				"CODE_SIGN_IDENTITY[sdk=macosx*]" = "Apple Development";
				CURRENT_PROJECT_VERSION = 1;
				DEVELOPMENT_TEAM = R8SXHLJ4HE;
				INFOPLIST_FILE = CombinedSpriteKitSceneKit/Info.plist;
				LD_RUNPATH_SEARCH_PATHS = "$(inherited) @executable_path/Frameworks";
				PRODUCT_BUNDLE_IDENTIFIER = com.xingin.dancefloor;
				PRODUCT_NAME = "$(TARGET_NAME)";
				SUPPORTS_MACCATALYST = YES;
				SWIFT_VERSION = 5.0;
				TARGETED_DEVICE_FAMILY = 2;
			};
			name = Release;
		};
/* End XCBuildConfiguration section */

/* Begin XCConfigurationList section */
		602C900F1B0DD5B5001EE880 /* Build configuration list for PBXProject "CombinedSpriteKitSceneKit" */ = {
			isa = XCConfigurationList;
			buildConfigurations = (
				602C90311B0DD5B5001EE880 /* Debug */,
				602C90321B0DD5B5001EE880 /* Release */,
			);
			defaultConfigurationIsVisible = 0;
			defaultConfigurationName = Release;
		};
		602C90331B0DD5B5001EE880 /* Build configuration list for PBXNativeTarget "CombinedSpriteKitSceneKit" */ = {
			isa = XCConfigurationList;
			buildConfigurations = (
				602C90341B0DD5B5001EE880 /* Debug */,
				602C90351B0DD5B5001EE880 /* Release */,
			);
			defaultConfigurationIsVisible = 0;
			defaultConfigurationName = Release;
		};
/* End XCConfigurationList section */
	};
	rootObject = 602C900C1B0DD5B5001EE880 /* Project object */;
}
